
Microsoft Visual Studio Solution File, Format Version 12.00
# Visual Studio Version 17
VisualStudioVersion = 17.14.36518.9 d17.14
MinimumVisualStudioVersion = 10.0.40219.1
Project("{FAE04EC0-301F-11D3-BF4B-00C04F79EFBC}") = "MauiApp1Hotel", "MauiApp1Hotel\MauiApp1Hotel.csproj", "{050F1BD9-7304-453F-B52A-7D0E94AC0781}"
EndProject
Global
	GlobalSection(SolutionConfigurationPlatforms) = preSolution
		Debug|Any CPU = Debug|Any CPU
		Release|Any CPU = Release|Any CPU
	EndGlobalSection
	GlobalSection(ProjectConfigurationPlatforms) = postSolution
		{050F1BD9-7304-453F-B52A-7D0E94AC0781}.Debug|Any CPU.ActiveCfg = Debug|Any CPU
		{050F1BD9-7304-453F-B52A-7D0E94AC0781}.Debug|Any CPU.Build.0 = Debug|Any CPU
		{050F1BD9-7304-453F-B52A-7D0E94AC0781}.Debug|Any CPU.Deploy.0 = Debug|Any CPU
		{050F1BD9-7304-453F-B52A-7D0E94AC0781}.Release|Any CPU.ActiveCfg = Release|Any CPU
		{050F1BD9-7304-453F-B52A-7D0E94AC0781}.Release|Any CPU.Build.0 = Release|Any CPU
		{050F1BD9-7304-453F-B52A-7D0E94AC0781}.Release|Any CPU.Deploy.0 = Release|Any CPU
	EndGlobalSection
	GlobalSection(SolutionProperties) = preSolution
		HideSolutionNode = FALSE
	EndGlobalSection
	GlobalSection(ExtensibilityGlobals) = postSolution
		SolutionGuid = {02EE9738-D66D-42CD-921E-C1DCD839ADA3}
	EndGlobalSection
EndGlobal
